
Microsoft Visual Studio Solution File, Format Version 12.00
# Visual Studio Version 17
VisualStudioVersion = 17.8.34525.116
MinimumVisualStudioVersion = 10.0.40219.1
Project("{9A19103F-16F7-4668-BE54-9A1E7A4F7556}") = "SmoothLingua.Api", "SmoothLingua.Api\SmoothLingua.Api.csproj", "{5C3932D8-0148-44FE-8622-25E0B7BDB75C}"
EndProject
Global
	GlobalSection(SolutionConfigurationPlatforms) = preSolution
		Debug|Any CPU = Debug|Any CPU
		Release|Any CPU = Release|Any CPU
	EndGlobalSection
	GlobalSection(ProjectConfigurationPlatforms) = postSolution
		{5C3932D8-0148-44FE-8622-25E0B7BDB75C}.Debug|Any CPU.ActiveCfg = Debug|Any CPU
		{5C3932D8-0148-44FE-8622-25E0B7BDB75C}.Debug|Any CPU.Build.0 = Debug|Any CPU
		{5C3932D8-0148-44FE-8622-25E0B7BDB75C}.Release|Any CPU.ActiveCfg = Release|Any CPU
		{5C3932D8-0148-44FE-8622-25E0B7BDB75C}.Release|Any CPU.Build.0 = Release|Any CPU
	EndGlobalSection
	GlobalSection(SolutionProperties) = preSolution
		HideSolutionNode = FALSE
	EndGlobalSection
	GlobalSection(ExtensibilityGlobals) = postSolution
		SolutionGuid = {558C44BC-A574-4C40-B286-C57D255A8423}
	EndGlobalSection
EndGlobal
