
Microsoft Visual Studio Solution File, Format Version 12.00
# Visual Studio Version 17
VisualStudioVersion = 17.8.34525.116
MinimumVisualStudioVersion = 10.0.40219.1
Project("{FAE04EC0-301F-11D3-BF4B-00C04F79EFBC}") = "SmoothLingua.Api", "SmoothLingua.Api\SmoothLingua.Api.csproj", "{25D7F1AB-BC7C-44AD-8B7E-6EAE8267355D}"
EndProject
Global
	GlobalSection(SolutionConfigurationPlatforms) = preSolution
		Debug|Any CPU = Debug|Any CPU
		Release|Any CPU = Release|Any CPU
	EndGlobalSection
	GlobalSection(ProjectConfigurationPlatforms) = postSolution
		{25D7F1AB-BC7C-44AD-8B7E-6EAE8267355D}.Debug|Any CPU.ActiveCfg = Debug|Any CPU
		{25D7F1AB-BC7C-44AD-8B7E-6EAE8267355D}.Debug|Any CPU.Build.0 = Debug|Any CPU
		{25D7F1AB-BC7C-44AD-8B7E-6EAE8267355D}.Release|Any CPU.ActiveCfg = Release|Any CPU
		{25D7F1AB-BC7C-44AD-8B7E-6EAE8267355D}.Release|Any CPU.Build.0 = Release|Any CPU
	EndGlobalSection
	GlobalSection(SolutionProperties) = preSolution
		HideSolutionNode = FALSE
	EndGlobalSection
	GlobalSection(ExtensibilityGlobals) = postSolution
		SolutionGuid = {558C44BC-A574-4C40-B286-C57D255A8423}
	EndGlobalSection
EndGlobal
